// !$*UTF8*$!
{
	archiveVersion = 1;
	classes = {
	};
	objectVersion = 55;
	objects = {

/* Begin PBXBuildFile section */
		226E65702893306D005D70EF /* AppDelegate.swift in Sources */ = {isa = PBXBuildFile; fileRef = 226E656F2893306D005D70EF /* AppDelegate.swift */; };
		226E65722893306D005D70EF /* ContentView.swift in Sources */ = {isa = PBXBuildFile; fileRef = 226E65712893306D005D70EF /* ContentView.swift */; };
		226E657628933078005D70EF /* Assets.xcassets in Resources */ = {isa = PBXBuildFile; fileRef = 226E657528933078005D70EF /* Assets.xcassets */; };
		226E657928933078005D70EF /* Preview Assets.xcassets in Resources */ = {isa = PBXBuildFile; fileRef = 226E657828933078005D70EF /* Preview Assets.xcassets */; };
		2275EC70289580AB00A8A4EE /* Doom.scn in Resources */ = {isa = PBXBuildFile; fileRef = 2275EC6F289580AB00A8A4EE /* Doom.scn */; };
		2275EC72289580B300A8A4EE /* Juggernaut.scn in Resources */ = {isa = PBXBuildFile; fileRef = 2275EC71289580B300A8A4EE /* Juggernaut.scn */; };
		2275EC74289580B900A8A4EE /* Mirana.scn in Resources */ = {isa = PBXBuildFile; fileRef = 2275EC73289580B900A8A4EE /* Mirana.scn */; };
/* End PBXBuildFile section */

/* Begin PBXFileReference section */
		222EA0B1289434A60050FB70 /* file16.tga */ = {isa = PBXFileReference; lastKnownFileType = file; name = file16.tga; path = "../../../../../../3D DotaHeroes/mirana/file16.tga"; sourceTree = "<group>"; };
		222EA0B2289434A60050FB70 /* file13.tga */ = {isa = PBXFileReference; lastKnownFileType = file; name = file13.tga; path = "../../../../../../3D DotaHeroes/mirana/file13.tga"; sourceTree = "<group>"; };
		222EA0B3289434A60050FB70 /* file22.tga */ = {isa = PBXFileReference; lastKnownFileType = file; name = file22.tga; path = "../../../../../../3D DotaHeroes/mirana/file22.tga"; sourceTree = "<group>"; };
		222EA0B4289434A60050FB70 /* file1.tga */ = {isa = PBXFileReference; lastKnownFileType = file; name = file1.tga; path = "../../../../../../3D DotaHeroes/mirana/file1.tga"; sourceTree = "<group>"; };
		222EA0B5289434A60050FB70 /* file4.tga */ = {isa = PBXFileReference; lastKnownFileType = file; name = file4.tga; path = "../../../../../../3D DotaHeroes/mirana/file4.tga"; sourceTree = "<group>"; };
		222EA0B6289434A60050FB70 /* file19.tga */ = {isa = PBXFileReference; lastKnownFileType = file; name = file19.tga; path = "../../../../../../3D DotaHeroes/mirana/file19.tga"; sourceTree = "<group>"; };
		222EA0B7289434A60050FB70 /* file7.tga */ = {isa = PBXFileReference; lastKnownFileType = file; name = file7.tga; path = "../../../../../../3D DotaHeroes/mirana/file7.tga"; sourceTree = "<group>"; };
		222EA0B8289434A60050FB70 /* file10.tga */ = {isa = PBXFileReference; lastKnownFileType = file; name = file10.tga; path = "../../../../../../3D DotaHeroes/mirana/file10.tga"; sourceTree = "<group>"; };
		222EA0BC289436F40050FB70 /* file19.001.tga */ = {isa = PBXFileReference; lastKnownFileType = file; name = file19.001.tga; path = "../../../../../../3D DotaHeroes/doom_bringer/file19.001.tga"; sourceTree = "<group>"; };
		222EA0BD289436F40050FB70 /* file1.002.tga */ = {isa = PBXFileReference; lastKnownFileType = file; name = file1.002.tga; path = "../../../../../../3D DotaHeroes/doom_bringer/file1.002.tga"; sourceTree = "<group>"; };
		222EA0BE289436F40050FB70 /* file13.002.tga */ = {isa = PBXFileReference; lastKnownFileType = file; name = file13.002.tga; path = "../../../../../../3D DotaHeroes/doom_bringer/file13.002.tga"; sourceTree = "<group>"; };
		222EA0BF289436F40050FB70 /* file4.002.tga */ = {isa = PBXFileReference; lastKnownFileType = file; name = file4.002.tga; path = "../../../../../../3D DotaHeroes/doom_bringer/file4.002.tga"; sourceTree = "<group>"; };
		222EA0C0289436F40050FB70 /* file16.002.tga */ = {isa = PBXFileReference; lastKnownFileType = file; name = file16.002.tga; path = "../../../../../../3D DotaHeroes/doom_bringer/file16.002.tga"; sourceTree = "<group>"; };
		222EA0C1289436F40050FB70 /* file10.002.tga */ = {isa = PBXFileReference; lastKnownFileType = file; name = file10.002.tga; path = "../../../../../../3D DotaHeroes/doom_bringer/file10.002.tga"; sourceTree = "<group>"; };
		222EA0C2289436F40050FB70 /* file22.001.tga */ = {isa = PBXFileReference; lastKnownFileType = file; name = file22.001.tga; path = "../../../../../../3D DotaHeroes/doom_bringer/file22.001.tga"; sourceTree = "<group>"; };
		222EA0C3289436F40050FB70 /* file7.002.tga */ = {isa = PBXFileReference; lastKnownFileType = file; name = file7.002.tga; path = "../../../../../../3D DotaHeroes/doom_bringer/file7.002.tga"; sourceTree = "<group>"; };
		226E656C2893306D005D70EF /* ARGameHeroes.app */ = {isa = PBXFileReference; explicitFileType = wrapper.application; includeInIndex = 0; path = ARGameHeroes.app; sourceTree = BUILT_PRODUCTS_DIR; };
		226E656F2893306D005D70EF /* AppDelegate.swift */ = {isa = PBXFileReference; lastKnownFileType = sourcecode.swift; path = AppDelegate.swift; sourceTree = "<group>"; };
		226E65712893306D005D70EF /* ContentView.swift */ = {isa = PBXFileReference; lastKnownFileType = sourcecode.swift; path = ContentView.swift; sourceTree = "<group>"; };
		226E657528933078005D70EF /* Assets.xcassets */ = {isa = PBXFileReference; lastKnownFileType = folder.assetcatalog; path = Assets.xcassets; sourceTree = "<group>"; };
		226E657828933078005D70EF /* Preview Assets.xcassets */ = {isa = PBXFileReference; lastKnownFileType = folder.assetcatalog; path = "Preview Assets.xcassets"; sourceTree = "<group>"; };
		226E658A289431E2005D70EF /* file4.tga */ = {isa = PBXFileReference; lastKnownFileType = file; path = file4.tga; sourceTree = "<group>"; };
		226E658B289431E2005D70EF /* file1.tga */ = {isa = PBXFileReference; lastKnownFileType = file; path = file1.tga; sourceTree = "<group>"; };
		226E658C289431E3005D70EF /* file7.tga */ = {isa = PBXFileReference; lastKnownFileType = file; path = file7.tga; sourceTree = "<group>"; };
		226E658D289431E3005D70EF /* file10.tga */ = {isa = PBXFileReference; lastKnownFileType = file; path = file10.tga; sourceTree = "<group>"; };
		226E658E289431E3005D70EF /* file13.tga */ = {isa = PBXFileReference; lastKnownFileType = file; path = file13.tga; sourceTree = "<group>"; };
		226E658F289431E4005D70EF /* file16.tga */ = {isa = PBXFileReference; lastKnownFileType = file; path = file16.tga; sourceTree = "<group>"; };
		2275EC6F289580AB00A8A4EE /* Doom.scn */ = {isa = PBXFileReference; lastKnownFileType = file.bplist; name = Doom.scn; path = "../../../../../3D DotaHeroes/doom_bringer/Doom.scn"; sourceTree = "<group>"; };
		2275EC71289580B300A8A4EE /* Juggernaut.scn */ = {isa = PBXFileReference; lastKnownFileType = file.bplist; path = Juggernaut.scn; sourceTree = "<group>"; };
		2275EC73289580B900A8A4EE /* Mirana.scn */ = {isa = PBXFileReference; lastKnownFileType = file.bplist; name = Mirana.scn; path = "../../../../../3D DotaHeroes/mirana/Mirana.scn"; sourceTree = "<group>"; };
/* End PBXFileReference section */

/* Begin PBXFrameworksBuildPhase section */
		226E65692893306D005D70EF /* Frameworks */ = {
			isa = PBXFrameworksBuildPhase;
			buildActionMask = 2147483647;
			files = (
			);
			runOnlyForDeploymentPostprocessing = 0;
		};
/* End PBXFrameworksBuildPhase section */

/* Begin PBXGroup section */
		222EA0AD289434580050FB70 /* 3DModels */ = {
			isa = PBXGroup;
			children = (
				2275EC6F289580AB00A8A4EE /* Doom.scn */,
				2275EC71289580B300A8A4EE /* Juggernaut.scn */,
				2275EC73289580B900A8A4EE /* Mirana.scn */,
			);
			path = 3DModels;
			sourceTree = "<group>";
		};
		222EA0B0289434780050FB70 /* Mirana */ = {
			isa = PBXGroup;
			children = (
				222EA0B4289434A60050FB70 /* file1.tga */,
				222EA0B5289434A60050FB70 /* file4.tga */,
				222EA0B7289434A60050FB70 /* file7.tga */,
				222EA0B8289434A60050FB70 /* file10.tga */,
				222EA0B2289434A60050FB70 /* file13.tga */,
				222EA0B1289434A60050FB70 /* file16.tga */,
				222EA0B6289434A60050FB70 /* file19.tga */,
				222EA0B3289434A60050FB70 /* file22.tga */,
			);
			path = Mirana;
			sourceTree = "<group>";
		};
		222EA0BB289436D60050FB70 /* Doom */ = {
			isa = PBXGroup;
			children = (
				222EA0BD289436F40050FB70 /* file1.002.tga */,
				222EA0BF289436F40050FB70 /* file4.002.tga */,
				222EA0C3289436F40050FB70 /* file7.002.tga */,
				222EA0C1289436F40050FB70 /* file10.002.tga */,
				222EA0BE289436F40050FB70 /* file13.002.tga */,
				222EA0C0289436F40050FB70 /* file16.002.tga */,
				222EA0BC289436F40050FB70 /* file19.001.tga */,
				222EA0C2289436F40050FB70 /* file22.001.tga */,
			);
			path = Doom;
			sourceTree = "<group>";
		};
		226E65632893306D005D70EF = {
			isa = PBXGroup;
			children = (
				226E656E2893306D005D70EF /* ARGameHeroes */,
				226E656D2893306D005D70EF /* Products */,
			);
			sourceTree = "<group>";
		};
		226E656D2893306D005D70EF /* Products */ = {
			isa = PBXGroup;
			children = (
				226E656C2893306D005D70EF /* ARGameHeroes.app */,
			);
			name = Products;
			sourceTree = "<group>";
		};
		226E656E2893306D005D70EF /* ARGameHeroes */ = {
			isa = PBXGroup;
			children = (
				226E656F2893306D005D70EF /* AppDelegate.swift */,
				226E65712893306D005D70EF /* ContentView.swift */,
				226E657528933078005D70EF /* Assets.xcassets */,
				226E657728933078005D70EF /* Preview Content */,
			);
			path = ARGameHeroes;
			sourceTree = "<group>";
		};
		226E657728933078005D70EF /* Preview Content */ = {
			isa = PBXGroup;
			children = (
				226E657828933078005D70EF /* Preview Assets.xcassets */,
				226E65812894319A005D70EF /* Materials */,
				222EA0AD289434580050FB70 /* 3DModels */,
			);
			path = "Preview Content";
			sourceTree = "<group>";
		};
		226E65812894319A005D70EF /* Materials */ = {
			isa = PBXGroup;
			children = (
				226E6583289431A7005D70EF /* Juggernaut */,
				222EA0B0289434780050FB70 /* Mirana */,
				222EA0BB289436D60050FB70 /* Doom */,
			);
			path = Materials;
			sourceTree = "<group>";
		};
		226E6583289431A7005D70EF /* Juggernaut */ = {
			isa = PBXGroup;
			children = (
				226E658B289431E2005D70EF /* file1.tga */,
				226E658A289431E2005D70EF /* file4.tga */,
				226E658C289431E3005D70EF /* file7.tga */,
				226E658D289431E3005D70EF /* file10.tga */,
				226E658E289431E3005D70EF /* file13.tga */,
				226E658F289431E4005D70EF /* file16.tga */,
			);
			path = Juggernaut;
			sourceTree = "<group>";
		};
/* End PBXGroup section */

/* Begin PBXNativeTarget section */
		226E656B2893306D005D70EF /* ARGameHeroes */ = {
			isa = PBXNativeTarget;
			buildConfigurationList = 226E657C28933078005D70EF /* Build configuration list for PBXNativeTarget "ARGameHeroes" */;
			buildPhases = (
				226E65682893306D005D70EF /* Sources */,
				226E65692893306D005D70EF /* Frameworks */,
				226E656A2893306D005D70EF /* Resources */,
			);
			buildRules = (
			);
			dependencies = (
			);
			name = ARGameHeroes;
			productName = ARGameHeroes;
			productReference = 226E656C2893306D005D70EF /* ARGameHeroes.app */;
			productType = "com.apple.product-type.application";
		};
/* End PBXNativeTarget section */

/* Begin PBXProject section */
		226E65642893306D005D70EF /* Project object */ = {
			isa = PBXProject;
			attributes = {
				BuildIndependentTargetsInParallel = 1;
				LastSwiftUpdateCheck = 1340;
				LastUpgradeCheck = 1340;
				TargetAttributes = {
					226E656B2893306D005D70EF = {
						CreatedOnToolsVersion = 13.4.1;
					};
				};
			};
			buildConfigurationList = 226E65672893306D005D70EF /* Build configuration list for PBXProject "ARGameHeroes" */;
			compatibilityVersion = "Xcode 13.0";
			developmentRegion = en;
			hasScannedForEncodings = 0;
			knownRegions = (
				en,
				Base,
			);
			mainGroup = 226E65632893306D005D70EF;
			productRefGroup = 226E656D2893306D005D70EF /* Products */;
			projectDirPath = "";
			projectRoot = "";
			targets = (
				226E656B2893306D005D70EF /* ARGameHeroes */,
			);
		};
/* End PBXProject section */

/* Begin PBXResourcesBuildPhase section */
		226E656A2893306D005D70EF /* Resources */ = {
			isa = PBXResourcesBuildPhase;
			buildActionMask = 2147483647;
			files = (
				2275EC72289580B300A8A4EE /* Juggernaut.scn in Resources */,
				226E657928933078005D70EF /* Preview Assets.xcassets in Resources */,
				2275EC70289580AB00A8A4EE /* Doom.scn in Resources */,
				226E657628933078005D70EF /* Assets.xcassets in Resources */,
				2275EC74289580B900A8A4EE /* Mirana.scn in Resources */,
			);
			runOnlyForDeploymentPostprocessing = 0;
		};
/* End PBXResourcesBuildPhase section */

/* Begin PBXSourcesBuildPhase section */
		226E65682893306D005D70EF /* Sources */ = {
			isa = PBXSourcesBuildPhase;
			buildActionMask = 2147483647;
			files = (
				226E65722893306D005D70EF /* ContentView.swift in Sources */,
				226E65702893306D005D70EF /* AppDelegate.swift in Sources */,
			);
			runOnlyForDeploymentPostprocessing = 0;
		};
/* End PBXSourcesBuildPhase section */

/* Begin XCBuildConfiguration section */
		226E657A28933078005D70EF /* Debug */ = {
			isa = XCBuildConfiguration;
			buildSettings = {
				ALWAYS_SEARCH_USER_PATHS = NO;
				CLANG_ANALYZER_NONNULL = YES;
				CLANG_ANALYZER_NUMBER_OBJECT_CONVERSION = YES_AGGRESSIVE;
				CLANG_CXX_LANGUAGE_STANDARD = "gnu++17";
				CLANG_ENABLE_MODULES = YES;
				CLANG_ENABLE_OBJC_ARC = YES;
				CLANG_ENABLE_OBJC_WEAK = YES;
				CLANG_WARN_BLOCK_CAPTURE_AUTORELEASING = YES;
				CLANG_WARN_BOOL_CONVERSION = YES;
				CLANG_WARN_COMMA = YES;
				CLANG_WARN_CONSTANT_CONVERSION = YES;
				CLANG_WARN_DEPRECATED_OBJC_IMPLEMENTATIONS = YES;
				CLANG_WARN_DIRECT_OBJC_ISA_USAGE = YES_ERROR;
				CLANG_WARN_DOCUMENTATION_COMMENTS = YES;
				CLANG_WARN_EMPTY_BODY = YES;
				CLANG_WARN_ENUM_CONVERSION = YES;
				CLANG_WARN_INFINITE_RECURSION = YES;
				CLANG_WARN_INT_CONVERSION = YES;
				CLANG_WARN_NON_LITERAL_NULL_CONVERSION = YES;
				CLANG_WARN_OBJC_IMPLICIT_RETAIN_SELF = YES;
				CLANG_WARN_OBJC_LITERAL_CONVERSION = YES;
				CLANG_WARN_OBJC_ROOT_CLASS = YES_ERROR;
				CLANG_WARN_QUOTED_INCLUDE_IN_FRAMEWORK_HEADER = YES;
				CLANG_WARN_RANGE_LOOP_ANALYSIS = YES;
				CLANG_WARN_STRICT_PROTOTYPES = YES;
				CLANG_WARN_SUSPICIOUS_MOVE = YES;
				CLANG_WARN_UNGUARDED_AVAILABILITY = YES_AGGRESSIVE;
				CLANG_WARN_UNREACHABLE_CODE = YES;
				CLANG_WARN__DUPLICATE_METHOD_MATCH = YES;
				COPY_PHASE_STRIP = NO;
				DEBUG_INFORMATION_FORMAT = dwarf;
				ENABLE_STRICT_OBJC_MSGSEND = YES;
				ENABLE_TESTABILITY = YES;
				GCC_C_LANGUAGE_STANDARD = gnu11;
				GCC_DYNAMIC_NO_PIC = NO;
				GCC_NO_COMMON_BLOCKS = YES;
				GCC_OPTIMIZATION_LEVEL = 0;
				GCC_PREPROCESSOR_DEFINITIONS = (
					"DEBUG=1",
					"$(inherited)",
				);
				GCC_WARN_64_TO_32_BIT_CONVERSION = YES;
				GCC_WARN_ABOUT_RETURN_TYPE = YES_ERROR;
				GCC_WARN_UNDECLARED_SELECTOR = YES;
				GCC_WARN_UNINITIALIZED_AUTOS = YES_AGGRESSIVE;
				GCC_WARN_UNUSED_FUNCTION = YES;
				GCC_WARN_UNUSED_VARIABLE = YES;
				IPHONEOS_DEPLOYMENT_TARGET = 15.5;
				MTL_ENABLE_DEBUG_INFO = INCLUDE_SOURCE;
				MTL_FAST_MATH = YES;
				ONLY_ACTIVE_ARCH = YES;
				SDKROOT = iphoneos;
				SWIFT_ACTIVE_COMPILATION_CONDITIONS = DEBUG;
				SWIFT_OPTIMIZATION_LEVEL = "-Onone";
			};
			name = Debug;
		};
		226E657B28933078005D70EF /* Release */ = {
			isa = XCBuildConfiguration;
			buildSettings = {
				ALWAYS_SEARCH_USER_PATHS = NO;
				CLANG_ANALYZER_NONNULL = YES;
				CLANG_ANALYZER_NUMBER_OBJECT_CONVERSION = YES_AGGRESSIVE;
				CLANG_CXX_LANGUAGE_STANDARD = "gnu++17";
				CLANG_ENABLE_MODULES = YES;
				CLANG_ENABLE_OBJC_ARC = YES;
				CLANG_ENABLE_OBJC_WEAK = YES;
				CLANG_WARN_BLOCK_CAPTURE_AUTORELEASING = YES;
				CLANG_WARN_BOOL_CONVERSION = YES;
				CLANG_WARN_COMMA = YES;
				CLANG_WARN_CONSTANT_CONVERSION = YES;
				CLANG_WARN_DEPRECATED_OBJC_IMPLEMENTATIONS = YES;
				CLANG_WARN_DIRECT_OBJC_ISA_USAGE = YES_ERROR;
				CLANG_WARN_DOCUMENTATION_COMMENTS = YES;
				CLANG_WARN_EMPTY_BODY = YES;
				CLANG_WARN_ENUM_CONVERSION = YES;
				CLANG_WARN_INFINITE_RECURSION = YES;
				CLANG_WARN_INT_CONVERSION = YES;
				CLANG_WARN_NON_LITERAL_NULL_CONVERSION = YES;
				CLANG_WARN_OBJC_IMPLICIT_RETAIN_SELF = YES;
				CLANG_WARN_OBJC_LITERAL_CONVERSION = YES;
				CLANG_WARN_OBJC_ROOT_CLASS = YES_ERROR;
				CLANG_WARN_QUOTED_INCLUDE_IN_FRAMEWORK_HEADER = YES;
				CLANG_WARN_RANGE_LOOP_ANALYSIS = YES;
				CLANG_WARN_STRICT_PROTOTYPES = YES;
				CLANG_WARN_SUSPICIOUS_MOVE = YES;
				CLANG_WARN_UNGUARDED_AVAILABILITY = YES_AGGRESSIVE;
				CLANG_WARN_UNREACHABLE_CODE = YES;
				CLANG_WARN__DUPLICATE_METHOD_MATCH = YES;
				COPY_PHASE_STRIP = NO;
				DEBUG_INFORMATION_FORMAT = "dwarf-with-dsym";
				ENABLE_NS_ASSERTIONS = NO;
				ENABLE_STRICT_OBJC_MSGSEND = YES;
				GCC_C_LANGUAGE_STANDARD = gnu11;
				GCC_NO_COMMON_BLOCKS = YES;
				GCC_WARN_64_TO_32_BIT_CONVERSION = YES;
				GCC_WARN_ABOUT_RETURN_TYPE = YES_ERROR;
				GCC_WARN_UNDECLARED_SELECTOR = YES;
				GCC_WARN_UNINITIALIZED_AUTOS = YES_AGGRESSIVE;
				GCC_WARN_UNUSED_FUNCTION = YES;
				GCC_WARN_UNUSED_VARIABLE = YES;
				IPHONEOS_DEPLOYMENT_TARGET = 15.5;
				MTL_ENABLE_DEBUG_INFO = NO;
				MTL_FAST_MATH = YES;
				SDKROOT = iphoneos;
				SWIFT_COMPILATION_MODE = wholemodule;
				SWIFT_OPTIMIZATION_LEVEL = "-O";
				VALIDATE_PRODUCT = YES;
			};
			name = Release;
		};
		226E657D28933078005D70EF /* Debug */ = {
			isa = XCBuildConfiguration;
			buildSettings = {
				ASSETCATALOG_COMPILER_APPICON_NAME = AppIcon;
				ASSETCATALOG_COMPILER_GLOBAL_ACCENT_COLOR_NAME = AccentColor;
				CODE_SIGN_STYLE = Automatic;
				CURRENT_PROJECT_VERSION = 1;
				DEVELOPMENT_ASSET_PATHS = "\"ARGameHeroes/Preview Content\"";
				DEVELOPMENT_TEAM = H456X98Q5T;
				ENABLE_PREVIEWS = YES;
				GENERATE_INFOPLIST_FILE = YES;
				INFOPLIST_KEY_NSCameraUsageDescription = "";
				INFOPLIST_KEY_UIApplicationSupportsIndirectInputEvents = YES;
				INFOPLIST_KEY_UILaunchScreen_Generation = YES;
				INFOPLIST_KEY_UIRequiredDeviceCapabilities = arkit;
				INFOPLIST_KEY_UIStatusBarHidden = YES;
				INFOPLIST_KEY_UISupportedInterfaceOrientations_iPad = "UIInterfaceOrientationPortrait UIInterfaceOrientationPortraitUpsideDown UIInterfaceOrientationLandscapeLeft UIInterfaceOrientationLandscapeRight";
				INFOPLIST_KEY_UISupportedInterfaceOrientations_iPhone = "UIInterfaceOrientationPortrait UIInterfaceOrientationLandscapeLeft UIInterfaceOrientationLandscapeRight";
				LD_RUNPATH_SEARCH_PATHS = (
					"$(inherited)",
					"@executable_path/Frameworks",
				);
				MARKETING_VERSION = 1.0;
				PRODUCT_BUNDLE_IDENTIFIER = holog.ARGameHeroes;
				PRODUCT_NAME = "$(TARGET_NAME)";
				SWIFT_EMIT_LOC_STRINGS = YES;
				SWIFT_VERSION = 5.0;
				TARGETED_DEVICE_FAMILY = "1,2";
			};
			name = Debug;
		};
		226E657E28933078005D70EF /* Release */ = {
			isa = XCBuildConfiguration;
			buildSettings = {
				ASSETCATALOG_COMPILER_APPICON_NAME = AppIcon;
				ASSETCATALOG_COMPILER_GLOBAL_ACCENT_COLOR_NAME = AccentColor;
				CODE_SIGN_STYLE = Automatic;
				CURRENT_PROJECT_VERSION = 1;
				DEVELOPMENT_ASSET_PATHS = "\"ARGameHeroes/Preview Content\"";
				DEVELOPMENT_TEAM = H456X98Q5T;
				ENABLE_PREVIEWS = YES;
				GENERATE_INFOPLIST_FILE = YES;
				INFOPLIST_KEY_NSCameraUsageDescription = "";
				INFOPLIST_KEY_UIApplicationSupportsIndirectInputEvents = YES;
				INFOPLIST_KEY_UILaunchScreen_Generation = YES;
				INFOPLIST_KEY_UIRequiredDeviceCapabilities = arkit;
				INFOPLIST_KEY_UIStatusBarHidden = YES;
				INFOPLIST_KEY_UISupportedInterfaceOrientations_iPad = "UIInterfaceOrientationPortrait UIInterfaceOrientationPortraitUpsideDown UIInterfaceOrientationLandscapeLeft UIInterfaceOrientationLandscapeRight";
				INFOPLIST_KEY_UISupportedInterfaceOrientations_iPhone = "UIInterfaceOrientationPortrait UIInterfaceOrientationLandscapeLeft UIInterfaceOrientationLandscapeRight";
				LD_RUNPATH_SEARCH_PATHS = (
					"$(inherited)",
					"@executable_path/Frameworks",
				);
				MARKETING_VERSION = 1.0;
				PRODUCT_BUNDLE_IDENTIFIER = holog.ARGameHeroes;
				PRODUCT_NAME = "$(TARGET_NAME)";
				SWIFT_EMIT_LOC_STRINGS = YES;
				SWIFT_VERSION = 5.0;
				TARGETED_DEVICE_FAMILY = "1,2";
			};
			name = Release;
		};
/* End XCBuildConfiguration section */

/* Begin XCConfigurationList section */
		226E65672893306D005D70EF /* Build configuration list for PBXProject "ARGameHeroes" */ = {
			isa = XCConfigurationList;
			buildConfigurations = (
				226E657A28933078005D70EF /* Debug */,
				226E657B28933078005D70EF /* Release */,
			);
			defaultConfigurationIsVisible = 0;
			defaultConfigurationName = Release;
		};
		226E657C28933078005D70EF /* Build configuration list for PBXNativeTarget "ARGameHeroes" */ = {
			isa = XCConfigurationList;
			buildConfigurations = (
				226E657D28933078005D70EF /* Debug */,
				226E657E28933078005D70EF /* Release */,
			);
			defaultConfigurationIsVisible = 0;
			defaultConfigurationName = Release;
		};
/* End XCConfigurationList section */
	};
	rootObject = 226E65642893306D005D70EF /* Project object */;
}
